
Microsoft Visual Studio Solution File, Format Version 12.00
# Visual Studio Version 16
VisualStudioVersion = 16.0.31229.75
MinimumVisualStudioVersion = 10.0.40219.1
Project("{FAE04EC0-301F-11D3-BF4B-00C04F79EFBC}") = "tarea2 bd", "tarea2 bd\tarea2 bd.csproj", "{A1165CD2-706C-4C19-97D8-14DAF8000963}"
EndProject
Global
	GlobalSection(SolutionConfigurationPlatforms) = preSolution
		Debug|Any CPU = Debug|Any CPU
		Release|Any CPU = Release|Any CPU
	EndGlobalSection
	GlobalSection(ProjectConfigurationPlatforms) = postSolution
		{A1165CD2-706C-4C19-97D8-14DAF8000963}.Debug|Any CPU.ActiveCfg = Debug|Any CPU
		{A1165CD2-706C-4C19-97D8-14DAF8000963}.Debug|Any CPU.Build.0 = Debug|Any CPU
		{A1165CD2-706C-4C19-97D8-14DAF8000963}.Release|Any CPU.ActiveCfg = Release|Any CPU
		{A1165CD2-706C-4C19-97D8-14DAF8000963}.Release|Any CPU.Build.0 = Release|Any CPU
	EndGlobalSection
	GlobalSection(SolutionProperties) = preSolution
		HideSolutionNode = FALSE
	EndGlobalSection
	GlobalSection(ExtensibilityGlobals) = postSolution
		SolutionGuid = {0CAC1EFD-8F96-4BBF-9994-9C5073E2FF74}
	EndGlobalSection
EndGlobal
